
Microsoft Visual Studio Solution File, Format Version 12.00
# Visual Studio Version 17
VisualStudioVersion = 17.0.31903.59
MinimumVisualStudioVersion = 10.0.40219.1
Project("{FAE04EC0-301F-11D3-BF4B-00C04F79EFBC}") = "HolyCheeseAzdoTools", "HolyCheeseAzdoTools\HolyCheeseAzdoTools.csproj", "{E23DEEB1-262C-4902-898D-145AB4BC94FA}"
EndProject
Project("{FAE04EC0-301F-11D3-BF4B-00C04F79EFBC}") = "HolyCheeseAzdoTools.UnitTests", "HolyCheeseAzdoTools.UnitTests\HolyCheeseAzdoTools.UnitTests.csproj", "{B4B9AED6-6C80-4E35-A978-A904B19BE3C0}"
EndProject
Project("{FAE04EC0-301F-11D3-BF4B-00C04F79EFBC}") = "HolyCheeseAzdoTools.IntegrationTests", "HolyCheeseAzdoTools.IntegrationTests\HolyCheeseAzdoTools.IntegrationTests.csproj", "{57C384F7-F5CF-4AF4-B543-C4C140843C41}"
EndProject
Project("{2150E333-8FDC-42A3-9474-1A3956D46DE8}") = "Solution Items", "Solution Items", "{8EC462FD-D22E-90A8-E5CE-7E832BA40C5D}"
	ProjectSection(SolutionItems) = preProject
		.gitignore = .gitignore
		build.proj = build.proj
	EndProjectSection
EndProject
Global
	GlobalSection(SolutionConfigurationPlatforms) = preSolution
		Debug|Any CPU = Debug|Any CPU
		Debug|x64 = Debug|x64
		Debug|x86 = Debug|x86
		Release|Any CPU = Release|Any CPU
		Release|x64 = Release|x64
		Release|x86 = Release|x86
	EndGlobalSection
	GlobalSection(ProjectConfigurationPlatforms) = postSolution
		{E23DEEB1-262C-4902-898D-145AB4BC94FA}.Debug|Any CPU.ActiveCfg = Debug|Any CPU
		{E23DEEB1-262C-4902-898D-145AB4BC94FA}.Debug|Any CPU.Build.0 = Debug|Any CPU
		{E23DEEB1-262C-4902-898D-145AB4BC94FA}.Debug|x64.ActiveCfg = Debug|Any CPU
		{E23DEEB1-262C-4902-898D-145AB4BC94FA}.Debug|x64.Build.0 = Debug|Any CPU
		{E23DEEB1-262C-4902-898D-145AB4BC94FA}.Debug|x86.ActiveCfg = Debug|Any CPU
		{E23DEEB1-262C-4902-898D-145AB4BC94FA}.Debug|x86.Build.0 = Debug|Any CPU
		{E23DEEB1-262C-4902-898D-145AB4BC94FA}.Release|Any CPU.ActiveCfg = Release|Any CPU
		{E23DEEB1-262C-4902-898D-145AB4BC94FA}.Release|Any CPU.Build.0 = Release|Any CPU
		{E23DEEB1-262C-4902-898D-145AB4BC94FA}.Release|x64.ActiveCfg = Release|Any CPU
		{E23DEEB1-262C-4902-898D-145AB4BC94FA}.Release|x64.Build.0 = Release|Any CPU
		{E23DEEB1-262C-4902-898D-145AB4BC94FA}.Release|x86.ActiveCfg = Release|Any CPU
		{E23DEEB1-262C-4902-898D-145AB4BC94FA}.Release|x86.Build.0 = Release|Any CPU
		{B4B9AED6-6C80-4E35-A978-A904B19BE3C0}.Debug|Any CPU.ActiveCfg = Debug|Any CPU
		{B4B9AED6-6C80-4E35-A978-A904B19BE3C0}.Debug|Any CPU.Build.0 = Debug|Any CPU
		{B4B9AED6-6C80-4E35-A978-A904B19BE3C0}.Debug|x64.ActiveCfg = Debug|Any CPU
		{B4B9AED6-6C80-4E35-A978-A904B19BE3C0}.Debug|x64.Build.0 = Debug|Any CPU
		{B4B9AED6-6C80-4E35-A978-A904B19BE3C0}.Debug|x86.ActiveCfg = Debug|Any CPU
		{B4B9AED6-6C80-4E35-A978-A904B19BE3C0}.Debug|x86.Build.0 = Debug|Any CPU
		{B4B9AED6-6C80-4E35-A978-A904B19BE3C0}.Release|Any CPU.ActiveCfg = Release|Any CPU
		{B4B9AED6-6C80-4E35-A978-A904B19BE3C0}.Release|Any CPU.Build.0 = Release|Any CPU
		{B4B9AED6-6C80-4E35-A978-A904B19BE3C0}.Release|x64.ActiveCfg = Release|Any CPU
		{B4B9AED6-6C80-4E35-A978-A904B19BE3C0}.Release|x64.Build.0 = Release|Any CPU
		{B4B9AED6-6C80-4E35-A978-A904B19BE3C0}.Release|x86.ActiveCfg = Release|Any CPU
		{B4B9AED6-6C80-4E35-A978-A904B19BE3C0}.Release|x86.Build.0 = Release|Any CPU
		{57C384F7-F5CF-4AF4-B543-C4C140843C41}.Debug|Any CPU.ActiveCfg = Debug|Any CPU
		{57C384F7-F5CF-4AF4-B543-C4C140843C41}.Debug|Any CPU.Build.0 = Debug|Any CPU
		{57C384F7-F5CF-4AF4-B543-C4C140843C41}.Debug|x64.ActiveCfg = Debug|Any CPU
		{57C384F7-F5CF-4AF4-B543-C4C140843C41}.Debug|x64.Build.0 = Debug|Any CPU
		{57C384F7-F5CF-4AF4-B543-C4C140843C41}.Debug|x86.ActiveCfg = Debug|Any CPU
		{57C384F7-F5CF-4AF4-B543-C4C140843C41}.Debug|x86.Build.0 = Debug|Any CPU
		{57C384F7-F5CF-4AF4-B543-C4C140843C41}.Release|Any CPU.ActiveCfg = Release|Any CPU
		{57C384F7-F5CF-4AF4-B543-C4C140843C41}.Release|Any CPU.Build.0 = Release|Any CPU
		{57C384F7-F5CF-4AF4-B543-C4C140843C41}.Release|x64.ActiveCfg = Release|Any CPU
		{57C384F7-F5CF-4AF4-B543-C4C140843C41}.Release|x64.Build.0 = Release|Any CPU
		{57C384F7-F5CF-4AF4-B543-C4C140843C41}.Release|x86.ActiveCfg = Release|Any CPU
		{57C384F7-F5CF-4AF4-B543-C4C140843C41}.Release|x86.Build.0 = Release|Any CPU
	EndGlobalSection
	GlobalSection(SolutionProperties) = preSolution
		HideSolutionNode = FALSE
	EndGlobalSection
	GlobalSection(ExtensibilityGlobals) = postSolution
		SolutionGuid = {A9032517-73C0-4F1F-89FB-83997793A310}
	EndGlobalSection
EndGlobal
